
Microsoft Visual Studio Solution File, Format Version 12.00
# Visual Studio Version 16
VisualStudioVersion = 16.0.29123.88
MinimumVisualStudioVersion = 10.0.40219.1
Project("{FAE04EC0-301F-11D3-BF4B-00C04F79EFBC}") = "EjJenkins", "EjJenkins\EjJenkins.csproj", "{CEAE7EEC-D71D-420F-9999-A9CED9C411D0}"
EndProject
Global
	GlobalSection(SolutionConfigurationPlatforms) = preSolution
		Debug|Any CPU = Debug|Any CPU
		Release|Any CPU = Release|Any CPU
	EndGlobalSection
	GlobalSection(ProjectConfigurationPlatforms) = postSolution
		{CEAE7EEC-D71D-420F-9999-A9CED9C411D0}.Debug|Any CPU.ActiveCfg = Debug|Any CPU
		{CEAE7EEC-D71D-420F-9999-A9CED9C411D0}.Debug|Any CPU.Build.0 = Debug|Any CPU
		{CEAE7EEC-D71D-420F-9999-A9CED9C411D0}.Release|Any CPU.ActiveCfg = Release|Any CPU
		{CEAE7EEC-D71D-420F-9999-A9CED9C411D0}.Release|Any CPU.Build.0 = Release|Any CPU
	EndGlobalSection
	GlobalSection(SolutionProperties) = preSolution
		HideSolutionNode = FALSE
	EndGlobalSection
	GlobalSection(ExtensibilityGlobals) = postSolution
		SolutionGuid = {CCF624D8-5386-4154-A920-DF2962988229}
	EndGlobalSection
EndGlobal
